
Microsoft Visual Studio Solution File, Format Version 12.00
# Visual Studio Version 17
VisualStudioVersion = 17.7.34003.232
MinimumVisualStudioVersion = 10.0.40219.1
Project("{9A19103F-16F7-4668-BE54-9A1E7A4F7556}") = "TestRestAPI", "TestRestAPI.csproj", "{E8998D0F-2466-41AA-801C-CE11670D111C}"
EndProject
Project("{FAE04EC0-301F-11D3-BF4B-00C04F79EFBC}") = "CQRS_Test", "..\CQRS_Test\CQRS_Test.csproj", "{E7B6FA20-A123-47D7-AA16-A5B4CC793CF4}"
EndProject
Project("{FAE04EC0-301F-11D3-BF4B-00C04F79EFBC}") = "CQRS_Lib", "..\CQRS_Lib\CQRS_Lib.csproj", "{521A6893-A34C-44A3-9B3E-F1AD2C00F474}"
EndProject
Global
	GlobalSection(SolutionConfigurationPlatforms) = preSolution
		Debug|Any CPU = Debug|Any CPU
		Release|Any CPU = Release|Any CPU
	EndGlobalSection
	GlobalSection(ProjectConfigurationPlatforms) = postSolution
		{E8998D0F-2466-41AA-801C-CE11670D111C}.Debug|Any CPU.ActiveCfg = Debug|Any CPU
		{E8998D0F-2466-41AA-801C-CE11670D111C}.Debug|Any CPU.Build.0 = Debug|Any CPU
		{E8998D0F-2466-41AA-801C-CE11670D111C}.Release|Any CPU.ActiveCfg = Release|Any CPU
		{E8998D0F-2466-41AA-801C-CE11670D111C}.Release|Any CPU.Build.0 = Release|Any CPU
		{E7B6FA20-A123-47D7-AA16-A5B4CC793CF4}.Debug|Any CPU.ActiveCfg = Debug|Any CPU
		{E7B6FA20-A123-47D7-AA16-A5B4CC793CF4}.Debug|Any CPU.Build.0 = Debug|Any CPU
		{E7B6FA20-A123-47D7-AA16-A5B4CC793CF4}.Release|Any CPU.ActiveCfg = Release|Any CPU
		{E7B6FA20-A123-47D7-AA16-A5B4CC793CF4}.Release|Any CPU.Build.0 = Release|Any CPU
		{521A6893-A34C-44A3-9B3E-F1AD2C00F474}.Debug|Any CPU.ActiveCfg = Debug|Any CPU
		{521A6893-A34C-44A3-9B3E-F1AD2C00F474}.Debug|Any CPU.Build.0 = Debug|Any CPU
		{521A6893-A34C-44A3-9B3E-F1AD2C00F474}.Release|Any CPU.ActiveCfg = Release|Any CPU
		{521A6893-A34C-44A3-9B3E-F1AD2C00F474}.Release|Any CPU.Build.0 = Release|Any CPU
	EndGlobalSection
	GlobalSection(SolutionProperties) = preSolution
		HideSolutionNode = FALSE
	EndGlobalSection
	GlobalSection(ExtensibilityGlobals) = postSolution
		SolutionGuid = {5E585976-4403-49C8-89AB-623C97578579}
	EndGlobalSection
EndGlobal
